{
  "name": "developer-theme",
  "version": "1.0.0",
  "lockfileVersion": 3,
  "requires": true,
  "packages": {
    "": {
      "name": "developer-theme",
      "version": "1.0.0",
      "license": "ISC",
      "dependencies": {
        "github-activity-feed": "^0.3.0"
      }
    },
    "node_modules/github-activity-feed": {
      "version": "0.3.0",
      "resolved": "https://registry.npmjs.org/github-activity-feed/-/github-activity-feed-0.3.0.tgz",
      "integrity": "sha512-/Swj5XpmDpqoMuwRKhNJjy98NHu9rwa77XAUTCAgU4Muboe96byzbaWgJTQwODCgeUyfksKz2A6KWWvDrbhWkw==",
      "dependencies": {
        "mustache": "^4.2.0",
        "octicons": "^4.4.0"
      }
    },
    "node_modules/mustache": {
      "version": "4.2.0",
      "resolved": "https://registry.npmjs.org/mustache/-/mustache-4.2.0.tgz",
      "integrity": "sha512-71ippSywq5Yb7/tVYyGbkBggbU8H3u5Rz56fH60jGFgr8uHwxs+aSKeqmluIVzM0m0kB7xQjKS6qPfd0b2ZoqQ==",
      "bin": {
        "mustache": "bin/mustache"
      }
    },
    "node_modules/octicons": {
      "version": "4.4.0",
      "resolved": "https://registry.npmjs.org/octicons/-/octicons-4.4.0.tgz",
      "integrity": "sha512-I/NKRKeHEbF+8y6VmJw9pcQ6IBXDuu+F8mJYN10dpaZrl95MOxn+9xRiss1SYkIZ5+2p1xbUl7GuWd+8mNZb8Q=="
    }
  }
}
